
Microsoft Visual Studio Solution File, Format Version 12.00
Project("{2150E333-8FDC-42A3-9474-1A3956D46DE8}") = "Core", "Core", "{926C883C-35CA-4DDF-8AA2-CDC0BAEB50B6}"
EndProject
Project("{2150E333-8FDC-42A3-9474-1A3956D46DE8}") = "Infrastructure", "Infrastructure", "{189A2EC7-BA48-430D-B0CD-CCB9EDB696A3}"
EndProject
Project("{2150E333-8FDC-42A3-9474-1A3956D46DE8}") = "Tests", "Tests", "{6335855D-7B71-4A0F-A748-E1EAE99A5A53}"
EndProject
Project("{2150E333-8FDC-42A3-9474-1A3956D46DE8}") = "Presentation", "Presentation", "{A8EDC854-CD1E-4E4E-A40F-DB1C20F7E883}"
EndProject
Project("{FAE04EC0-301F-11D3-BF4B-00C04F79EFBC}") = "Wonderworld.Domain", "Wonderworld.Domain\Wonderworld.Domain.csproj", "{18195AC2-EB07-4A91-AA48-40A0F9AAC117}"
EndProject
Project("{FAE04EC0-301F-11D3-BF4B-00C04F79EFBC}") = "Wonderworld.Application", "Wonderworld.Application\Wonderworld.Application.csproj", "{F5AAAA7B-7B5C-41CF-BE99-818983CC8D42}"
EndProject
Project("{FAE04EC0-301F-11D3-BF4B-00C04F79EFBC}") = "Wonderworld.API", "Wonderworld.API\Wonderworld.API.csproj", "{3E953732-B7CB-4744-8A9E-6A8ADFB8A718}"
EndProject
Project("{FAE04EC0-301F-11D3-BF4B-00C04F79EFBC}") = "Wonderworld.Infrastructure", "Wonderworld.Infrastructure\Wonderworld.Infrastructure.csproj", "{80D721DE-4066-46CC-A5AE-F9251C20C615}"
EndProject
Project("{FAE04EC0-301F-11D3-BF4B-00C04F79EFBC}") = "Wonderworld.Persistence", "Wonderworld.Persistence\Wonderworld.Persistence.csproj", "{A1511EAA-C0F7-4E93-9F7D-65734AA44B44}"
EndProject
Project("{FAE04EC0-301F-11D3-BF4B-00C04F79EFBC}") = "Application.UnitTests", "Application.UnitTests\Application.UnitTests.csproj", "{637F2656-E951-4783-9C32-99AC4DEE3BE2}"
EndProject
Global
	GlobalSection(SolutionConfigurationPlatforms) = preSolution
		Debug|Any CPU = Debug|Any CPU
		Release|Any CPU = Release|Any CPU
	EndGlobalSection
	GlobalSection(NestedProjects) = preSolution
		{18195AC2-EB07-4A91-AA48-40A0F9AAC117} = {926C883C-35CA-4DDF-8AA2-CDC0BAEB50B6}
		{F5AAAA7B-7B5C-41CF-BE99-818983CC8D42} = {926C883C-35CA-4DDF-8AA2-CDC0BAEB50B6}
		{3E953732-B7CB-4744-8A9E-6A8ADFB8A718} = {A8EDC854-CD1E-4E4E-A40F-DB1C20F7E883}
		{80D721DE-4066-46CC-A5AE-F9251C20C615} = {189A2EC7-BA48-430D-B0CD-CCB9EDB696A3}
		{A1511EAA-C0F7-4E93-9F7D-65734AA44B44} = {189A2EC7-BA48-430D-B0CD-CCB9EDB696A3}
		{637F2656-E951-4783-9C32-99AC4DEE3BE2} = {6335855D-7B71-4A0F-A748-E1EAE99A5A53}
	EndGlobalSection
	GlobalSection(ProjectConfigurationPlatforms) = postSolution
		{18195AC2-EB07-4A91-AA48-40A0F9AAC117}.Debug|Any CPU.ActiveCfg = Debug|Any CPU
		{18195AC2-EB07-4A91-AA48-40A0F9AAC117}.Debug|Any CPU.Build.0 = Debug|Any CPU
		{18195AC2-EB07-4A91-AA48-40A0F9AAC117}.Release|Any CPU.ActiveCfg = Release|Any CPU
		{18195AC2-EB07-4A91-AA48-40A0F9AAC117}.Release|Any CPU.Build.0 = Release|Any CPU
		{F5AAAA7B-7B5C-41CF-BE99-818983CC8D42}.Debug|Any CPU.ActiveCfg = Debug|Any CPU
		{F5AAAA7B-7B5C-41CF-BE99-818983CC8D42}.Debug|Any CPU.Build.0 = Debug|Any CPU
		{F5AAAA7B-7B5C-41CF-BE99-818983CC8D42}.Release|Any CPU.ActiveCfg = Release|Any CPU
		{F5AAAA7B-7B5C-41CF-BE99-818983CC8D42}.Release|Any CPU.Build.0 = Release|Any CPU
		{3E953732-B7CB-4744-8A9E-6A8ADFB8A718}.Debug|Any CPU.ActiveCfg = Debug|Any CPU
		{3E953732-B7CB-4744-8A9E-6A8ADFB8A718}.Debug|Any CPU.Build.0 = Debug|Any CPU
		{3E953732-B7CB-4744-8A9E-6A8ADFB8A718}.Release|Any CPU.ActiveCfg = Release|Any CPU
		{3E953732-B7CB-4744-8A9E-6A8ADFB8A718}.Release|Any CPU.Build.0 = Release|Any CPU
		{80D721DE-4066-46CC-A5AE-F9251C20C615}.Debug|Any CPU.ActiveCfg = Debug|Any CPU
		{80D721DE-4066-46CC-A5AE-F9251C20C615}.Debug|Any CPU.Build.0 = Debug|Any CPU
		{80D721DE-4066-46CC-A5AE-F9251C20C615}.Release|Any CPU.ActiveCfg = Release|Any CPU
		{80D721DE-4066-46CC-A5AE-F9251C20C615}.Release|Any CPU.Build.0 = Release|Any CPU
		{A1511EAA-C0F7-4E93-9F7D-65734AA44B44}.Debug|Any CPU.ActiveCfg = Debug|Any CPU
		{A1511EAA-C0F7-4E93-9F7D-65734AA44B44}.Debug|Any CPU.Build.0 = Debug|Any CPU
		{A1511EAA-C0F7-4E93-9F7D-65734AA44B44}.Release|Any CPU.ActiveCfg = Release|Any CPU
		{A1511EAA-C0F7-4E93-9F7D-65734AA44B44}.Release|Any CPU.Build.0 = Release|Any CPU
		{637F2656-E951-4783-9C32-99AC4DEE3BE2}.Debug|Any CPU.ActiveCfg = Debug|Any CPU
		{637F2656-E951-4783-9C32-99AC4DEE3BE2}.Debug|Any CPU.Build.0 = Debug|Any CPU
		{637F2656-E951-4783-9C32-99AC4DEE3BE2}.Release|Any CPU.ActiveCfg = Release|Any CPU
		{637F2656-E951-4783-9C32-99AC4DEE3BE2}.Release|Any CPU.Build.0 = Release|Any CPU
	EndGlobalSection
EndGlobal
